
Microsoft Visual Studio Solution File, Format Version 12.00
# Visual Studio Version 17
VisualStudioVersion = 17.7.34018.315
MinimumVisualStudioVersion = 10.0.40219.1
Project("{FAE04EC0-301F-11D3-BF4B-00C04F79EFBC}") = "ClassicModels", "ClassicModels.csproj", "{7FB83C8B-E376-49A9-92F4-7050B8CDC432}"
EndProject
Global
	GlobalSection(SolutionConfigurationPlatforms) = preSolution
		Debug|Any CPU = Debug|Any CPU
		Release|Any CPU = Release|Any CPU
	EndGlobalSection
	GlobalSection(ProjectConfigurationPlatforms) = postSolution
		{7FB83C8B-E376-49A9-92F4-7050B8CDC432}.Debug|Any CPU.ActiveCfg = Debug|Any CPU
		{7FB83C8B-E376-49A9-92F4-7050B8CDC432}.Debug|Any CPU.Build.0 = Debug|Any CPU
		{7FB83C8B-E376-49A9-92F4-7050B8CDC432}.Release|Any CPU.ActiveCfg = Release|Any CPU
		{7FB83C8B-E376-49A9-92F4-7050B8CDC432}.Release|Any CPU.Build.0 = Release|Any CPU
	EndGlobalSection
	GlobalSection(SolutionProperties) = preSolution
		HideSolutionNode = FALSE
	EndGlobalSection
	GlobalSection(ExtensibilityGlobals) = postSolution
		SolutionGuid = {4FA70DA7-D290-4BAB-B700-25414739FA1F}
	EndGlobalSection
EndGlobal
